export type AppointmentStatus =
  | "pending" | "confirmed" | "checked_in" | "completed" | "cancelled" | "no_show";

export interface Specialty { id: string; name: string; description: string | null; active: boolean; }
export interface Doctor {
  id: string; name: string; specialty_id: string; qualifications: string | null;
  photo_url: string | null; consultation_duration: number; work_start: string; work_end: string;
  working_days: number[]; active: boolean;
}
export interface Appointment {
  id: string; reference: string; patient_name: string; mobile: string;
  doctor_id: string; specialty_id: string; appointment_date: string; appointment_time: string;
  notes: string | null; status: AppointmentStatus; created_at: string; updated_at: string;
}

export interface AppointmentInsert {
  patient_name: string; mobile: string; doctor_id: string; specialty_id: string;
  appointment_date: string; appointment_time: string; notes?: string | null;
  status?: AppointmentStatus;
}

export type Database = {
  public: {
    Tables: {
      specialties: { Row: Specialty; Insert: Partial<Specialty>; Update: Partial<Specialty> };
      doctors: { Row: Doctor; Insert: Partial<Doctor>; Update: Partial<Doctor> };
      appointments: { Row: Appointment; Insert: AppointmentInsert; Update: Partial<Appointment> };
    };
    Views: Record<string, never>;
    Functions: Record<string, never>;
    Enums: { appointment_status: AppointmentStatus };
  };
};
